
Microsoft Visual Studio Solution File, Format Version 12.00
# Visual Studio Version 17
VisualStudioVersion = 17.11.34929.205
MinimumVisualStudioVersion = 10.0.40219.1
Project("{9A19103F-16F7-4668-BE54-9A1E7A4F7556}") = "NorthwindBlazor", "NorthwindBlazor\NorthwindBlazor.csproj", "{733F10D2-207D-4A4D-8BEA-13CF35A61D69}"
EndProject
Global
	GlobalSection(SolutionConfigurationPlatforms) = preSolution
		Debug|Any CPU = Debug|Any CPU
		Release|Any CPU = Release|Any CPU
	EndGlobalSection
	GlobalSection(ProjectConfigurationPlatforms) = postSolution
		{733F10D2-207D-4A4D-8BEA-13CF35A61D69}.Debug|Any CPU.ActiveCfg = Debug|Any CPU
		{733F10D2-207D-4A4D-8BEA-13CF35A61D69}.Debug|Any CPU.Build.0 = Debug|Any CPU
		{733F10D2-207D-4A4D-8BEA-13CF35A61D69}.Release|Any CPU.ActiveCfg = Release|Any CPU
		{733F10D2-207D-4A4D-8BEA-13CF35A61D69}.Release|Any CPU.Build.0 = Release|Any CPU
	EndGlobalSection
	GlobalSection(SolutionProperties) = preSolution
		HideSolutionNode = FALSE
	EndGlobalSection
	GlobalSection(ExtensibilityGlobals) = postSolution
		SolutionGuid = {4BB267F8-7D98-4BED-B43E-25EA4E30C3A2}
	EndGlobalSection
EndGlobal
