
Microsoft Visual Studio Solution File, Format Version 12.00
# Visual Studio Version 17
VisualStudioVersion = 17.11.34929.205
MinimumVisualStudioVersion = 10.0.40219.1
Project("{FAE04EC0-301F-11D3-BF4B-00C04F79EFBC}") = "YummyInMyTummy.Model", "YummyInMyTummy.Model\YummyInMyTummy.Model.csproj", "{90A42E52-3636-4374-89D3-7646190DFA07}"
EndProject
Project("{FAE04EC0-301F-11D3-BF4B-00C04F79EFBC}") = "YummyInMyTummy.Data.EfCore", "YummyInMyTummy.Data.EfCore\YummyInMyTummy.Data.EfCore.csproj", "{5574A177-6B98-4CA6-AFD9-17770B7A3684}"
EndProject
Project("{FAE04EC0-301F-11D3-BF4B-00C04F79EFBC}") = "YummyInMyTummy.Data.EfCore.Tests", "YummyInMyTummy.Data.EfCore.Tests\YummyInMyTummy.Data.EfCore.Tests.csproj", "{F776315E-2059-4AF2-86E3-014AE312F202}"
EndProject
Project("{FAE04EC0-301F-11D3-BF4B-00C04F79EFBC}") = "YummyInMyTummy.Logic", "YummyInMyTummy.Logic\YummyInMyTummy.Logic.csproj", "{3965C29D-4FC3-4403-8C27-CB94CEE4DE4A}"
EndProject
Project("{FAE04EC0-301F-11D3-BF4B-00C04F79EFBC}") = "YummyInMyTummy.Logic.Tests", "YummyInMyTummy.Logic.Tests\YummyInMyTummy.Logic.Tests.csproj", "{7823F61D-0534-4683-9F19-22108548B5F6}"
EndProject
Global
	GlobalSection(SolutionConfigurationPlatforms) = preSolution
		Debug|Any CPU = Debug|Any CPU
		Release|Any CPU = Release|Any CPU
	EndGlobalSection
	GlobalSection(ProjectConfigurationPlatforms) = postSolution
		{90A42E52-3636-4374-89D3-7646190DFA07}.Debug|Any CPU.ActiveCfg = Debug|Any CPU
		{90A42E52-3636-4374-89D3-7646190DFA07}.Debug|Any CPU.Build.0 = Debug|Any CPU
		{90A42E52-3636-4374-89D3-7646190DFA07}.Release|Any CPU.ActiveCfg = Release|Any CPU
		{90A42E52-3636-4374-89D3-7646190DFA07}.Release|Any CPU.Build.0 = Release|Any CPU
		{5574A177-6B98-4CA6-AFD9-17770B7A3684}.Debug|Any CPU.ActiveCfg = Debug|Any CPU
		{5574A177-6B98-4CA6-AFD9-17770B7A3684}.Debug|Any CPU.Build.0 = Debug|Any CPU
		{5574A177-6B98-4CA6-AFD9-17770B7A3684}.Release|Any CPU.ActiveCfg = Release|Any CPU
		{5574A177-6B98-4CA6-AFD9-17770B7A3684}.Release|Any CPU.Build.0 = Release|Any CPU
		{F776315E-2059-4AF2-86E3-014AE312F202}.Debug|Any CPU.ActiveCfg = Debug|Any CPU
		{F776315E-2059-4AF2-86E3-014AE312F202}.Debug|Any CPU.Build.0 = Debug|Any CPU
		{F776315E-2059-4AF2-86E3-014AE312F202}.Release|Any CPU.ActiveCfg = Release|Any CPU
		{F776315E-2059-4AF2-86E3-014AE312F202}.Release|Any CPU.Build.0 = Release|Any CPU
		{3965C29D-4FC3-4403-8C27-CB94CEE4DE4A}.Debug|Any CPU.ActiveCfg = Debug|Any CPU
		{3965C29D-4FC3-4403-8C27-CB94CEE4DE4A}.Debug|Any CPU.Build.0 = Debug|Any CPU
		{3965C29D-4FC3-4403-8C27-CB94CEE4DE4A}.Release|Any CPU.ActiveCfg = Release|Any CPU
		{3965C29D-4FC3-4403-8C27-CB94CEE4DE4A}.Release|Any CPU.Build.0 = Release|Any CPU
		{7823F61D-0534-4683-9F19-22108548B5F6}.Debug|Any CPU.ActiveCfg = Debug|Any CPU
		{7823F61D-0534-4683-9F19-22108548B5F6}.Debug|Any CPU.Build.0 = Debug|Any CPU
		{7823F61D-0534-4683-9F19-22108548B5F6}.Release|Any CPU.ActiveCfg = Release|Any CPU
		{7823F61D-0534-4683-9F19-22108548B5F6}.Release|Any CPU.Build.0 = Release|Any CPU
	EndGlobalSection
	GlobalSection(SolutionProperties) = preSolution
		HideSolutionNode = FALSE
	EndGlobalSection
	GlobalSection(ExtensibilityGlobals) = postSolution
		SolutionGuid = {A2FC1E53-AE35-446B-8E77-FA3A461E2054}
	EndGlobalSection
EndGlobal
